
Microsoft Visual Studio Solution File, Format Version 12.00
# Visual Studio Version 16
VisualStudioVersion = 16.0.31205.134
MinimumVisualStudioVersion = 10.0.40219.1
Project("{9A19103F-16F7-4668-BE54-9A1E7A4F7556}") = "Opgave 1 kode og unit test", "Opgave 1 kode og unit test.csproj", "{41A2F006-0A16-4CC4-9130-02AED6186B48}"
EndProject
Project("{FAE04EC0-301F-11D3-BF4B-00C04F79EFBC}") = "Opgave 1 kode og unit testTests1", "..\Opgave 1 kode og unit testTests1\Opgave 1 kode og unit testTests1.csproj", "{D9CBBC9A-9A0D-4369-816A-2FB5CB111BA4}"
EndProject
Project("{FAE04EC0-301F-11D3-BF4B-00C04F79EFBC}") = "Opgave 1 kode og unit testTests", "..\Opgave 1 kode og unit testTests\Opgave 1 kode og unit testTests.csproj", "{68223838-F174-4861-B37A-CEBF498EBCE8}"
EndProject
Global
	GlobalSection(SolutionConfigurationPlatforms) = preSolution
		Debug|Any CPU = Debug|Any CPU
		Release|Any CPU = Release|Any CPU
	EndGlobalSection
	GlobalSection(ProjectConfigurationPlatforms) = postSolution
		{41A2F006-0A16-4CC4-9130-02AED6186B48}.Debug|Any CPU.ActiveCfg = Debug|Any CPU
		{41A2F006-0A16-4CC4-9130-02AED6186B48}.Debug|Any CPU.Build.0 = Debug|Any CPU
		{41A2F006-0A16-4CC4-9130-02AED6186B48}.Release|Any CPU.ActiveCfg = Release|Any CPU
		{41A2F006-0A16-4CC4-9130-02AED6186B48}.Release|Any CPU.Build.0 = Release|Any CPU
		{D9CBBC9A-9A0D-4369-816A-2FB5CB111BA4}.Debug|Any CPU.ActiveCfg = Debug|Any CPU
		{D9CBBC9A-9A0D-4369-816A-2FB5CB111BA4}.Debug|Any CPU.Build.0 = Debug|Any CPU
		{D9CBBC9A-9A0D-4369-816A-2FB5CB111BA4}.Release|Any CPU.ActiveCfg = Release|Any CPU
		{D9CBBC9A-9A0D-4369-816A-2FB5CB111BA4}.Release|Any CPU.Build.0 = Release|Any CPU
		{68223838-F174-4861-B37A-CEBF498EBCE8}.Debug|Any CPU.ActiveCfg = Debug|Any CPU
		{68223838-F174-4861-B37A-CEBF498EBCE8}.Debug|Any CPU.Build.0 = Debug|Any CPU
		{68223838-F174-4861-B37A-CEBF498EBCE8}.Release|Any CPU.ActiveCfg = Release|Any CPU
		{68223838-F174-4861-B37A-CEBF498EBCE8}.Release|Any CPU.Build.0 = Release|Any CPU
	EndGlobalSection
	GlobalSection(SolutionProperties) = preSolution
		HideSolutionNode = FALSE
	EndGlobalSection
	GlobalSection(ExtensibilityGlobals) = postSolution
		SolutionGuid = {E05EACC7-400E-46C4-A924-532E219052B1}
	EndGlobalSection
EndGlobal
